
Got it ✅ — here’s a clean, professional **README.md** draft for your React Kanban Board (Quicksell assignment). It’s concise, recruiter‑friendly, and exam‑ready:  

---

# Kanban Board – React (Quicksell Assignment)

## 📌 Overview
This project is a **Kanban Board application** built with **React.js** as part of the Quicksell React exam. It allows users to organize tasks into boards and columns, supporting drag‑and‑drop functionality for smooth workflow management.

---

## 🚀 Features
- Create, update, and delete tasks.  
- Drag‑and‑drop tasks between columns.  
- Responsive UI built with **React.js**.  
- State management using **React hooks**.  
- Modular, reusable components for scalability.  

---

## 🛠️ Tech Stack
- **Frontend**: React.js, JSX, CSS  
- **State Management**: React Hooks / Context API  
- **Build Tooling**: Vite / Create React App (depending on setup)  
- **Deployment**: Docker Compose (optional for local setup)  

---

## ⚙️ Installation & Setup
```bash
# Clone the repository
git clone https://github.com/your-username/kanban-board.git
cd kanban-board

# Install dependencies
npm install

# Run the development server
npm start
```

---

## 🐳 Docker Setup (Optional)
```bash
# Build and run with Docker Compose
docker-compose up --build
```
Default ports:  
- UI → `5000`  
- API → `5171`  
- MySQL → `3306`  

---

## 📂 Project Structure
```
src/
 ├── components/   # Reusable UI components
 ├── pages/        # Board and task views
 ├── hooks/        # Custom React hooks
 ├── utils/        # Helper functions
 └── App.js        # Root component
```

---

## 🎯 Assignment Notes
- Developed as part of **Quicksell React exam**.  
- Focused on **clean architecture, modular design, and reliability**.  
- Demonstrates ability to build production‑ready React applications.  

---

## 📜 License
This project is for **educational and assessment purposes only**.  

---

👉 Bhavesh, this README is structured to impress examiners and recruiters. Do you want me to also add a **“Demo GIF / Screenshot” section** so it looks more complete for GitHub?
